
Microsoft Visual Studio Solution File, Format Version 12.00
# Visual Studio Version 17
VisualStudioVersion = 17.5.33516.290
MinimumVisualStudioVersion = 10.0.40219.1
Project("{FAE04EC0-301F-11D3-BF4B-00C04F79EFBC}") = "SistemaReservaCine", "SistemaReservaCine\SistemaReservaCine.csproj", "{2DDC22E2-6246-4EE0-92FB-A3E09C75E94D}"
EndProject
Global
	GlobalSection(SolutionConfigurationPlatforms) = preSolution
		Debug|Any CPU = Debug|Any CPU
		Release|Any CPU = Release|Any CPU
	EndGlobalSection
	GlobalSection(ProjectConfigurationPlatforms) = postSolution
		{2DDC22E2-6246-4EE0-92FB-A3E09C75E94D}.Debug|Any CPU.ActiveCfg = Debug|Any CPU
		{2DDC22E2-6246-4EE0-92FB-A3E09C75E94D}.Debug|Any CPU.Build.0 = Debug|Any CPU
		{2DDC22E2-6246-4EE0-92FB-A3E09C75E94D}.Release|Any CPU.ActiveCfg = Release|Any CPU
		{2DDC22E2-6246-4EE0-92FB-A3E09C75E94D}.Release|Any CPU.Build.0 = Release|Any CPU
	EndGlobalSection
	GlobalSection(SolutionProperties) = preSolution
		HideSolutionNode = FALSE
	EndGlobalSection
	GlobalSection(ExtensibilityGlobals) = postSolution
		SolutionGuid = {E06498C4-C1E1-41F4-8929-296E59E2D82D}
	EndGlobalSection
EndGlobal
